# DO NOT EDIT MANUALLY - Managed by Fern Replay
version: "1.0"
generations:
  - commit_sha: 9bf02c70ea6a2cc49968c57f365a390085088821
    tree_hash: fdaee68e2d88bb9d0e09c11928a57a1356e23101
    timestamp: 2026-05-25T19:07:49.083Z
    cli_version: unknown
    generator_versions: {}
  - commit_sha: f8554f991ca686a4d85a1e77a2a276358f19d9a1
    tree_hash: d9418c6448e69c462a0120cfd1c79a6a0c8fbfa9
    timestamp: 2026-06-06T15:28:59.593Z
    cli_version: unknown
    generator_versions:
      fernapi/fern-typescript-sdk: 3.71.4
  - commit_sha: 89152844c8b92ebb52f3db0d887b3f331e083ea2
    tree_hash: 1fa4dfd2e953e6136cb1a1a00155a5ba39ad33f8
    timestamp: 2026-07-09T20:17:44.312Z
    cli_version: unknown
    generator_versions:
      fernapi/fern-typescript-sdk: 3.79.2
  - commit_sha: eee23655020fe90edf3a045e419eec1d3f544e3a
    tree_hash: 11fa389048503b8b9ace41d0f2ecf901cc4266d7
    timestamp: 2026-07-10T15:37:42.954Z
    cli_version: unknown
    generator_versions:
      fernapi/fern-typescript-sdk: 3.79.2
  - commit_sha: d6eaf5cc99eeb11584cce5723c68e8d1b3f01df2
    tree_hash: ebfd710d5dc22b483cec6c7af15560fda4fa7031
    timestamp: 2026-07-10T20:46:52.208Z
    cli_version: unknown
    generator_versions:
      fernapi/fern-typescript-sdk: 3.80.0
  - commit_sha: 0b998481d65312af17de20426ba080a0385d58a1
    tree_hash: 1b4fad4c1aa124da5890925cdbef7892e36c7070
    timestamp: 2026-07-11T11:44:50.917Z
    cli_version: unknown
    generator_versions:
      fernapi/fern-typescript-sdk: 3.80.1
  - commit_sha: db24ae6254ec0ad734f3df81762eb2254f4563a5
    tree_hash: 1be2cd44c4f2b96592ba4abe94ef41af4cc071d1
    timestamp: 2026-07-28T15:33:07.162Z
    cli_version: unknown
    generator_versions:
      fernapi/fern-typescript-sdk: 3.80.1
  - commit_sha: ba09f0ebf4a5585cee0221c0b01e001421e20e4d
    tree_hash: 50c243502488bc5f161f934fe29cb5d0827ed62d
    timestamp: 2026-07-29T17:10:47.553Z
    cli_version: unknown
    generator_versions:
      fernapi/fern-typescript-sdk: 3.80.1
current_generation: ba09f0ebf4a5585cee0221c0b01e001421e20e4d
patches: []
