# DO NOT EDIT MANUALLY - Managed by Fern Replay
version: "1.0"
generations:
  - commit_sha: 9bf02c70ea6a2cc49968c57f365a390085088821
    tree_hash: fdaee68e2d88bb9d0e09c11928a57a1356e23101
    timestamp: 2026-05-25T19:07:49.083Z
    cli_version: unknown
    generator_versions: {}
current_generation: 9bf02c70ea6a2cc49968c57f365a390085088821
patches: []
