# DO NOT EDIT MANUALLY - Managed by Fern Replay
version: "1.0"
generations:
  - commit_sha: d32ab47fbc4c6cb550a2d38b4c610d6139f41cbd
    tree_hash: 160a2ea3d5a5c02b45fec2e8bf665ace8da30c9b
    timestamp: 2026-05-19T19:37:18.224Z
    cli_version: unknown
    generator_versions: {}
current_generation: d32ab47fbc4c6cb550a2d38b4c610d6139f41cbd
patches: []
